
Microsoft Visual Studio Solution File, Format Version 12.00
# Visual Studio 14
VisualStudioVersion = 14.0.24720.0
MinimumVisualStudioVersion = 10.0.40219.1
Project("{FAE04EC0-301F-11D3-BF4B-00C04F79EFBC}") = "Radyo.Dunyasi.WebApi", "Radyo.Dunyasi.WebApi\Radyo.Dunyasi.WebApi.csproj", "{7B3BCAA3-2EB5-4733-819F-AE01481EA9C8}"
EndProject
Project("{FAE04EC0-301F-11D3-BF4B-00C04F79EFBC}") = "Radyo.Dunyasi.PrepareData", "Radyyo.Dunyasi.PrepareData\Radyo.Dunyasi.PrepareData.csproj", "{8FBC5B97-F902-4DD0-A311-3F4BF091E0EC}"
EndProject
Project("{262852C6-CD72-467D-83FE-5EEB1973A190}") = "Radyo.Dunyasi.Hybrid", "Radyo.Dunyasi.Hybrid\Radyo.Dunyasi.Hybrid.jsproj", "{CA08E57A-9A86-40F5-BED0-50129C192E55}"
EndProject
Project("{E24C65DC-7377-472B-9ABA-BC803B73C61A}") = "Radyo.Dunyasi.WebMobile", "Radyo.Dunyasi.WebMobile\", "{FE07FD4B-6568-4CFA-921C-ECD9A4466A4C}"
	ProjectSection(WebsiteProperties) = preProject
		TargetFrameworkMoniker = ".NETFramework,Version%3Dv4.5"
		Debug.AspNetCompiler.VirtualPath = "/localhost_32785"
		Debug.AspNetCompiler.PhysicalPath = "Radyo.Dunyasi.WebMobile\"
		Debug.AspNetCompiler.TargetPath = "PrecompiledWeb\localhost_32785\"
		Debug.AspNetCompiler.Updateable = "true"
		Debug.AspNetCompiler.ForceOverwrite = "true"
		Debug.AspNetCompiler.FixedNames = "false"
		Debug.AspNetCompiler.Debug = "True"
		Release.AspNetCompiler.VirtualPath = "/localhost_32785"
		Release.AspNetCompiler.PhysicalPath = "Radyo.Dunyasi.WebMobile\"
		Release.AspNetCompiler.TargetPath = "PrecompiledWeb\localhost_32785\"
		Release.AspNetCompiler.Updateable = "true"
		Release.AspNetCompiler.ForceOverwrite = "true"
		Release.AspNetCompiler.FixedNames = "false"
		Release.AspNetCompiler.Debug = "False"
		VWDPort = "32785"
	EndProjectSection
EndProject
Global
	GlobalSection(SolutionConfigurationPlatforms) = preSolution
		Debug|Android = Debug|Android
		Debug|Any CPU = Debug|Any CPU
		Debug|iOS = Debug|iOS
		Debug|Windows Phone (Universal) = Debug|Windows Phone (Universal)
		Debug|Windows Phone 8 = Debug|Windows Phone 8
		Debug|Windows-AnyCPU = Debug|Windows-AnyCPU
		Debug|Windows-ARM = Debug|Windows-ARM
		Debug|Windows-x64 = Debug|Windows-x64
		Debug|Windows-x86 = Debug|Windows-x86
		Release|Android = Release|Android
		Release|Any CPU = Release|Any CPU
		Release|iOS = Release|iOS
		Release|Windows Phone (Universal) = Release|Windows Phone (Universal)
		Release|Windows Phone 8 = Release|Windows Phone 8
		Release|Windows-AnyCPU = Release|Windows-AnyCPU
		Release|Windows-ARM = Release|Windows-ARM
		Release|Windows-x64 = Release|Windows-x64
		Release|Windows-x86 = Release|Windows-x86
	EndGlobalSection
	GlobalSection(ProjectConfigurationPlatforms) = postSolution
		{7B3BCAA3-2EB5-4733-819F-AE01481EA9C8}.Debug|Android.ActiveCfg = Debug|Any CPU
		{7B3BCAA3-2EB5-4733-819F-AE01481EA9C8}.Debug|Android.Build.0 = Debug|Any CPU
		{7B3BCAA3-2EB5-4733-819F-AE01481EA9C8}.Debug|Any CPU.ActiveCfg = Debug|Any CPU
		{7B3BCAA3-2EB5-4733-819F-AE01481EA9C8}.Debug|Any CPU.Build.0 = Debug|Any CPU
		{7B3BCAA3-2EB5-4733-819F-AE01481EA9C8}.Debug|iOS.ActiveCfg = Debug|Any CPU
		{7B3BCAA3-2EB5-4733-819F-AE01481EA9C8}.Debug|iOS.Build.0 = Debug|Any CPU
		{7B3BCAA3-2EB5-4733-819F-AE01481EA9C8}.Debug|Windows Phone (Universal).ActiveCfg = Debug|Any CPU
		{7B3BCAA3-2EB5-4733-819F-AE01481EA9C8}.Debug|Windows Phone (Universal).Build.0 = Debug|Any CPU
		{7B3BCAA3-2EB5-4733-819F-AE01481EA9C8}.Debug|Windows Phone 8.ActiveCfg = Debug|Any CPU
		{7B3BCAA3-2EB5-4733-819F-AE01481EA9C8}.Debug|Windows Phone 8.Build.0 = Debug|Any CPU
		{7B3BCAA3-2EB5-4733-819F-AE01481EA9C8}.Debug|Windows-AnyCPU.ActiveCfg = Debug|Any CPU
		{7B3BCAA3-2EB5-4733-819F-AE01481EA9C8}.Debug|Windows-AnyCPU.Build.0 = Debug|Any CPU
		{7B3BCAA3-2EB5-4733-819F-AE01481EA9C8}.Debug|Windows-ARM.ActiveCfg = Debug|Any CPU
		{7B3BCAA3-2EB5-4733-819F-AE01481EA9C8}.Debug|Windows-ARM.Build.0 = Debug|Any CPU
		{7B3BCAA3-2EB5-4733-819F-AE01481EA9C8}.Debug|Windows-x64.ActiveCfg = Debug|Any CPU
		{7B3BCAA3-2EB5-4733-819F-AE01481EA9C8}.Debug|Windows-x64.Build.0 = Debug|Any CPU
		{7B3BCAA3-2EB5-4733-819F-AE01481EA9C8}.Debug|Windows-x86.ActiveCfg = Debug|Any CPU
		{7B3BCAA3-2EB5-4733-819F-AE01481EA9C8}.Debug|Windows-x86.Build.0 = Debug|Any CPU
		{7B3BCAA3-2EB5-4733-819F-AE01481EA9C8}.Release|Android.ActiveCfg = Release|Any CPU
		{7B3BCAA3-2EB5-4733-819F-AE01481EA9C8}.Release|Android.Build.0 = Release|Any CPU
		{7B3BCAA3-2EB5-4733-819F-AE01481EA9C8}.Release|Any CPU.ActiveCfg = Release|Any CPU
		{7B3BCAA3-2EB5-4733-819F-AE01481EA9C8}.Release|Any CPU.Build.0 = Release|Any CPU
		{7B3BCAA3-2EB5-4733-819F-AE01481EA9C8}.Release|iOS.ActiveCfg = Release|Any CPU
		{7B3BCAA3-2EB5-4733-819F-AE01481EA9C8}.Release|iOS.Build.0 = Release|Any CPU
		{7B3BCAA3-2EB5-4733-819F-AE01481EA9C8}.Release|Windows Phone (Universal).ActiveCfg = Release|Any CPU
		{7B3BCAA3-2EB5-4733-819F-AE01481EA9C8}.Release|Windows Phone (Universal).Build.0 = Release|Any CPU
		{7B3BCAA3-2EB5-4733-819F-AE01481EA9C8}.Release|Windows Phone 8.ActiveCfg = Release|Any CPU
		{7B3BCAA3-2EB5-4733-819F-AE01481EA9C8}.Release|Windows Phone 8.Build.0 = Release|Any CPU
		{7B3BCAA3-2EB5-4733-819F-AE01481EA9C8}.Release|Windows-AnyCPU.ActiveCfg = Release|Any CPU
		{7B3BCAA3-2EB5-4733-819F-AE01481EA9C8}.Release|Windows-AnyCPU.Build.0 = Release|Any CPU
		{7B3BCAA3-2EB5-4733-819F-AE01481EA9C8}.Release|Windows-ARM.ActiveCfg = Release|Any CPU
		{7B3BCAA3-2EB5-4733-819F-AE01481EA9C8}.Release|Windows-ARM.Build.0 = Release|Any CPU
		{7B3BCAA3-2EB5-4733-819F-AE01481EA9C8}.Release|Windows-x64.ActiveCfg = Release|Any CPU
		{7B3BCAA3-2EB5-4733-819F-AE01481EA9C8}.Release|Windows-x64.Build.0 = Release|Any CPU
		{7B3BCAA3-2EB5-4733-819F-AE01481EA9C8}.Release|Windows-x86.ActiveCfg = Release|Any CPU
		{7B3BCAA3-2EB5-4733-819F-AE01481EA9C8}.Release|Windows-x86.Build.0 = Release|Any CPU
		{8FBC5B97-F902-4DD0-A311-3F4BF091E0EC}.Debug|Android.ActiveCfg = Debug|Any CPU
		{8FBC5B97-F902-4DD0-A311-3F4BF091E0EC}.Debug|Android.Build.0 = Debug|Any CPU
		{8FBC5B97-F902-4DD0-A311-3F4BF091E0EC}.Debug|Any CPU.ActiveCfg = Debug|Any CPU
		{8FBC5B97-F902-4DD0-A311-3F4BF091E0EC}.Debug|Any CPU.Build.0 = Debug|Any CPU
		{8FBC5B97-F902-4DD0-A311-3F4BF091E0EC}.Debug|iOS.ActiveCfg = Debug|Any CPU
		{8FBC5B97-F902-4DD0-A311-3F4BF091E0EC}.Debug|iOS.Build.0 = Debug|Any CPU
		{8FBC5B97-F902-4DD0-A311-3F4BF091E0EC}.Debug|Windows Phone (Universal).ActiveCfg = Debug|Any CPU
		{8FBC5B97-F902-4DD0-A311-3F4BF091E0EC}.Debug|Windows Phone (Universal).Build.0 = Debug|Any CPU
		{8FBC5B97-F902-4DD0-A311-3F4BF091E0EC}.Debug|Windows Phone 8.ActiveCfg = Debug|Any CPU
		{8FBC5B97-F902-4DD0-A311-3F4BF091E0EC}.Debug|Windows Phone 8.Build.0 = Debug|Any CPU
		{8FBC5B97-F902-4DD0-A311-3F4BF091E0EC}.Debug|Windows-AnyCPU.ActiveCfg = Debug|Any CPU
		{8FBC5B97-F902-4DD0-A311-3F4BF091E0EC}.Debug|Windows-AnyCPU.Build.0 = Debug|Any CPU
		{8FBC5B97-F902-4DD0-A311-3F4BF091E0EC}.Debug|Windows-ARM.ActiveCfg = Debug|Any CPU
		{8FBC5B97-F902-4DD0-A311-3F4BF091E0EC}.Debug|Windows-ARM.Build.0 = Debug|Any CPU
		{8FBC5B97-F902-4DD0-A311-3F4BF091E0EC}.Debug|Windows-x64.ActiveCfg = Debug|Any CPU
		{8FBC5B97-F902-4DD0-A311-3F4BF091E0EC}.Debug|Windows-x64.Build.0 = Debug|Any CPU
		{8FBC5B97-F902-4DD0-A311-3F4BF091E0EC}.Debug|Windows-x86.ActiveCfg = Debug|Any CPU
		{8FBC5B97-F902-4DD0-A311-3F4BF091E0EC}.Debug|Windows-x86.Build.0 = Debug|Any CPU
		{8FBC5B97-F902-4DD0-A311-3F4BF091E0EC}.Release|Android.ActiveCfg = Release|Any CPU
		{8FBC5B97-F902-4DD0-A311-3F4BF091E0EC}.Release|Android.Build.0 = Release|Any CPU
		{8FBC5B97-F902-4DD0-A311-3F4BF091E0EC}.Release|Any CPU.ActiveCfg = Release|Any CPU
		{8FBC5B97-F902-4DD0-A311-3F4BF091E0EC}.Release|Any CPU.Build.0 = Release|Any CPU
		{8FBC5B97-F902-4DD0-A311-3F4BF091E0EC}.Release|iOS.ActiveCfg = Release|Any CPU
		{8FBC5B97-F902-4DD0-A311-3F4BF091E0EC}.Release|iOS.Build.0 = Release|Any CPU
		{8FBC5B97-F902-4DD0-A311-3F4BF091E0EC}.Release|Windows Phone (Universal).ActiveCfg = Release|Any CPU
		{8FBC5B97-F902-4DD0-A311-3F4BF091E0EC}.Release|Windows Phone (Universal).Build.0 = Release|Any CPU
		{8FBC5B97-F902-4DD0-A311-3F4BF091E0EC}.Release|Windows Phone 8.ActiveCfg = Release|Any CPU
		{8FBC5B97-F902-4DD0-A311-3F4BF091E0EC}.Release|Windows Phone 8.Build.0 = Release|Any CPU
		{8FBC5B97-F902-4DD0-A311-3F4BF091E0EC}.Release|Windows-AnyCPU.ActiveCfg = Release|Any CPU
		{8FBC5B97-F902-4DD0-A311-3F4BF091E0EC}.Release|Windows-AnyCPU.Build.0 = Release|Any CPU
		{8FBC5B97-F902-4DD0-A311-3F4BF091E0EC}.Release|Windows-ARM.ActiveCfg = Release|Any CPU
		{8FBC5B97-F902-4DD0-A311-3F4BF091E0EC}.Release|Windows-ARM.Build.0 = Release|Any CPU
		{8FBC5B97-F902-4DD0-A311-3F4BF091E0EC}.Release|Windows-x64.ActiveCfg = Release|Any CPU
		{8FBC5B97-F902-4DD0-A311-3F4BF091E0EC}.Release|Windows-x64.Build.0 = Release|Any CPU
		{8FBC5B97-F902-4DD0-A311-3F4BF091E0EC}.Release|Windows-x86.ActiveCfg = Release|Any CPU
		{8FBC5B97-F902-4DD0-A311-3F4BF091E0EC}.Release|Windows-x86.Build.0 = Release|Any CPU
		{CA08E57A-9A86-40F5-BED0-50129C192E55}.Debug|Android.ActiveCfg = Debug|Android
		{CA08E57A-9A86-40F5-BED0-50129C192E55}.Debug|Android.Build.0 = Debug|Android
		{CA08E57A-9A86-40F5-BED0-50129C192E55}.Debug|Android.Deploy.0 = Debug|Android
		{CA08E57A-9A86-40F5-BED0-50129C192E55}.Debug|Any CPU.ActiveCfg = Debug|Android
		{CA08E57A-9A86-40F5-BED0-50129C192E55}.Debug|iOS.ActiveCfg = Debug|iOS
		{CA08E57A-9A86-40F5-BED0-50129C192E55}.Debug|iOS.Build.0 = Debug|iOS
		{CA08E57A-9A86-40F5-BED0-50129C192E55}.Debug|iOS.Deploy.0 = Debug|iOS
		{CA08E57A-9A86-40F5-BED0-50129C192E55}.Debug|Windows Phone (Universal).ActiveCfg = Debug|Windows Phone (Universal)
		{CA08E57A-9A86-40F5-BED0-50129C192E55}.Debug|Windows Phone (Universal).Build.0 = Debug|Windows Phone (Universal)
		{CA08E57A-9A86-40F5-BED0-50129C192E55}.Debug|Windows Phone (Universal).Deploy.0 = Debug|Windows Phone (Universal)
		{CA08E57A-9A86-40F5-BED0-50129C192E55}.Debug|Windows Phone 8.ActiveCfg = Debug|Windows Phone 8
		{CA08E57A-9A86-40F5-BED0-50129C192E55}.Debug|Windows Phone 8.Build.0 = Debug|Windows Phone 8
		{CA08E57A-9A86-40F5-BED0-50129C192E55}.Debug|Windows Phone 8.Deploy.0 = Debug|Windows Phone 8
		{CA08E57A-9A86-40F5-BED0-50129C192E55}.Debug|Windows-AnyCPU.ActiveCfg = Debug|Windows-AnyCPU
		{CA08E57A-9A86-40F5-BED0-50129C192E55}.Debug|Windows-AnyCPU.Build.0 = Debug|Windows-AnyCPU
		{CA08E57A-9A86-40F5-BED0-50129C192E55}.Debug|Windows-AnyCPU.Deploy.0 = Debug|Windows-AnyCPU
		{CA08E57A-9A86-40F5-BED0-50129C192E55}.Debug|Windows-ARM.ActiveCfg = Debug|Windows-ARM
		{CA08E57A-9A86-40F5-BED0-50129C192E55}.Debug|Windows-ARM.Build.0 = Debug|Windows-ARM
		{CA08E57A-9A86-40F5-BED0-50129C192E55}.Debug|Windows-ARM.Deploy.0 = Debug|Windows-ARM
		{CA08E57A-9A86-40F5-BED0-50129C192E55}.Debug|Windows-x64.ActiveCfg = Debug|Windows-x64
		{CA08E57A-9A86-40F5-BED0-50129C192E55}.Debug|Windows-x64.Build.0 = Debug|Windows-x64
		{CA08E57A-9A86-40F5-BED0-50129C192E55}.Debug|Windows-x64.Deploy.0 = Debug|Windows-x64
		{CA08E57A-9A86-40F5-BED0-50129C192E55}.Debug|Windows-x86.ActiveCfg = Debug|Windows-x86
		{CA08E57A-9A86-40F5-BED0-50129C192E55}.Debug|Windows-x86.Build.0 = Debug|Windows-x86
		{CA08E57A-9A86-40F5-BED0-50129C192E55}.Debug|Windows-x86.Deploy.0 = Debug|Windows-x86
		{CA08E57A-9A86-40F5-BED0-50129C192E55}.Release|Android.ActiveCfg = Release|Android
		{CA08E57A-9A86-40F5-BED0-50129C192E55}.Release|Android.Build.0 = Release|Android
		{CA08E57A-9A86-40F5-BED0-50129C192E55}.Release|Android.Deploy.0 = Release|Android
		{CA08E57A-9A86-40F5-BED0-50129C192E55}.Release|Any CPU.ActiveCfg = Release|Android
		{CA08E57A-9A86-40F5-BED0-50129C192E55}.Release|iOS.ActiveCfg = Release|iOS
		{CA08E57A-9A86-40F5-BED0-50129C192E55}.Release|iOS.Build.0 = Release|iOS
		{CA08E57A-9A86-40F5-BED0-50129C192E55}.Release|iOS.Deploy.0 = Release|iOS
		{CA08E57A-9A86-40F5-BED0-50129C192E55}.Release|Windows Phone (Universal).ActiveCfg = Release|Windows Phone (Universal)
		{CA08E57A-9A86-40F5-BED0-50129C192E55}.Release|Windows Phone (Universal).Build.0 = Release|Windows Phone (Universal)
		{CA08E57A-9A86-40F5-BED0-50129C192E55}.Release|Windows Phone (Universal).Deploy.0 = Release|Windows Phone (Universal)
		{CA08E57A-9A86-40F5-BED0-50129C192E55}.Release|Windows Phone 8.ActiveCfg = Release|Windows Phone 8
		{CA08E57A-9A86-40F5-BED0-50129C192E55}.Release|Windows Phone 8.Build.0 = Release|Windows Phone 8
		{CA08E57A-9A86-40F5-BED0-50129C192E55}.Release|Windows Phone 8.Deploy.0 = Release|Windows Phone 8
		{CA08E57A-9A86-40F5-BED0-50129C192E55}.Release|Windows-AnyCPU.ActiveCfg = Release|Windows-AnyCPU
		{CA08E57A-9A86-40F5-BED0-50129C192E55}.Release|Windows-AnyCPU.Build.0 = Release|Windows-AnyCPU
		{CA08E57A-9A86-40F5-BED0-50129C192E55}.Release|Windows-AnyCPU.Deploy.0 = Release|Windows-AnyCPU
		{CA08E57A-9A86-40F5-BED0-50129C192E55}.Release|Windows-ARM.ActiveCfg = Release|Windows-ARM
		{CA08E57A-9A86-40F5-BED0-50129C192E55}.Release|Windows-ARM.Build.0 = Release|Windows-ARM
		{CA08E57A-9A86-40F5-BED0-50129C192E55}.Release|Windows-ARM.Deploy.0 = Release|Windows-ARM
		{CA08E57A-9A86-40F5-BED0-50129C192E55}.Release|Windows-x64.ActiveCfg = Release|Windows-x64
		{CA08E57A-9A86-40F5-BED0-50129C192E55}.Release|Windows-x64.Build.0 = Release|Windows-x64
		{CA08E57A-9A86-40F5-BED0-50129C192E55}.Release|Windows-x64.Deploy.0 = Release|Windows-x64
		{CA08E57A-9A86-40F5-BED0-50129C192E55}.Release|Windows-x86.ActiveCfg = Release|Windows-x86
		{CA08E57A-9A86-40F5-BED0-50129C192E55}.Release|Windows-x86.Build.0 = Release|Windows-x86
		{CA08E57A-9A86-40F5-BED0-50129C192E55}.Release|Windows-x86.Deploy.0 = Release|Windows-x86
		{FE07FD4B-6568-4CFA-921C-ECD9A4466A4C}.Debug|Android.ActiveCfg = Debug|Any CPU
		{FE07FD4B-6568-4CFA-921C-ECD9A4466A4C}.Debug|Android.Build.0 = Debug|Any CPU
		{FE07FD4B-6568-4CFA-921C-ECD9A4466A4C}.Debug|Any CPU.ActiveCfg = Debug|Any CPU
		{FE07FD4B-6568-4CFA-921C-ECD9A4466A4C}.Debug|Any CPU.Build.0 = Debug|Any CPU
		{FE07FD4B-6568-4CFA-921C-ECD9A4466A4C}.Debug|iOS.ActiveCfg = Debug|Any CPU
		{FE07FD4B-6568-4CFA-921C-ECD9A4466A4C}.Debug|iOS.Build.0 = Debug|Any CPU
		{FE07FD4B-6568-4CFA-921C-ECD9A4466A4C}.Debug|Windows Phone (Universal).ActiveCfg = Debug|Any CPU
		{FE07FD4B-6568-4CFA-921C-ECD9A4466A4C}.Debug|Windows Phone (Universal).Build.0 = Debug|Any CPU
		{FE07FD4B-6568-4CFA-921C-ECD9A4466A4C}.Debug|Windows Phone 8.ActiveCfg = Debug|Any CPU
		{FE07FD4B-6568-4CFA-921C-ECD9A4466A4C}.Debug|Windows Phone 8.Build.0 = Debug|Any CPU
		{FE07FD4B-6568-4CFA-921C-ECD9A4466A4C}.Debug|Windows-AnyCPU.ActiveCfg = Debug|Any CPU
		{FE07FD4B-6568-4CFA-921C-ECD9A4466A4C}.Debug|Windows-AnyCPU.Build.0 = Debug|Any CPU
		{FE07FD4B-6568-4CFA-921C-ECD9A4466A4C}.Debug|Windows-ARM.ActiveCfg = Debug|Any CPU
		{FE07FD4B-6568-4CFA-921C-ECD9A4466A4C}.Debug|Windows-ARM.Build.0 = Debug|Any CPU
		{FE07FD4B-6568-4CFA-921C-ECD9A4466A4C}.Debug|Windows-x64.ActiveCfg = Debug|Any CPU
		{FE07FD4B-6568-4CFA-921C-ECD9A4466A4C}.Debug|Windows-x64.Build.0 = Debug|Any CPU
		{FE07FD4B-6568-4CFA-921C-ECD9A4466A4C}.Debug|Windows-x86.ActiveCfg = Debug|Any CPU
		{FE07FD4B-6568-4CFA-921C-ECD9A4466A4C}.Debug|Windows-x86.Build.0 = Debug|Any CPU
		{FE07FD4B-6568-4CFA-921C-ECD9A4466A4C}.Release|Android.ActiveCfg = Debug|Any CPU
		{FE07FD4B-6568-4CFA-921C-ECD9A4466A4C}.Release|Android.Build.0 = Debug|Any CPU
		{FE07FD4B-6568-4CFA-921C-ECD9A4466A4C}.Release|Any CPU.ActiveCfg = Debug|Any CPU
		{FE07FD4B-6568-4CFA-921C-ECD9A4466A4C}.Release|Any CPU.Build.0 = Debug|Any CPU
		{FE07FD4B-6568-4CFA-921C-ECD9A4466A4C}.Release|iOS.ActiveCfg = Debug|Any CPU
		{FE07FD4B-6568-4CFA-921C-ECD9A4466A4C}.Release|iOS.Build.0 = Debug|Any CPU
		{FE07FD4B-6568-4CFA-921C-ECD9A4466A4C}.Release|Windows Phone (Universal).ActiveCfg = Debug|Any CPU
		{FE07FD4B-6568-4CFA-921C-ECD9A4466A4C}.Release|Windows Phone (Universal).Build.0 = Debug|Any CPU
		{FE07FD4B-6568-4CFA-921C-ECD9A4466A4C}.Release|Windows Phone 8.ActiveCfg = Debug|Any CPU
		{FE07FD4B-6568-4CFA-921C-ECD9A4466A4C}.Release|Windows Phone 8.Build.0 = Debug|Any CPU
		{FE07FD4B-6568-4CFA-921C-ECD9A4466A4C}.Release|Windows-AnyCPU.ActiveCfg = Debug|Any CPU
		{FE07FD4B-6568-4CFA-921C-ECD9A4466A4C}.Release|Windows-AnyCPU.Build.0 = Debug|Any CPU
		{FE07FD4B-6568-4CFA-921C-ECD9A4466A4C}.Release|Windows-ARM.ActiveCfg = Debug|Any CPU
		{FE07FD4B-6568-4CFA-921C-ECD9A4466A4C}.Release|Windows-ARM.Build.0 = Debug|Any CPU
		{FE07FD4B-6568-4CFA-921C-ECD9A4466A4C}.Release|Windows-x64.ActiveCfg = Debug|Any CPU
		{FE07FD4B-6568-4CFA-921C-ECD9A4466A4C}.Release|Windows-x64.Build.0 = Debug|Any CPU
		{FE07FD4B-6568-4CFA-921C-ECD9A4466A4C}.Release|Windows-x86.ActiveCfg = Debug|Any CPU
		{FE07FD4B-6568-4CFA-921C-ECD9A4466A4C}.Release|Windows-x86.Build.0 = Debug|Any CPU
	EndGlobalSection
	GlobalSection(SolutionProperties) = preSolution
		HideSolutionNode = FALSE
	EndGlobalSection
EndGlobal
